
Microsoft Visual Studio Solution File, Format Version 12.00
# Visual Studio 2012
Project("{FAE04EC0-301F-11D3-BF4B-00C04F79EFBC}") = "XO.js", "XO.js.csproj", "{A2005B58-E1A1-4B9E-8B49-7B2B5AD16C60}"
EndProject
Global
	GlobalSection(SolutionConfigurationPlatforms) = preSolution
		Debug|Any CPU = Debug|Any CPU
		Release|Any CPU = Release|Any CPU
	EndGlobalSection
	GlobalSection(ProjectConfigurationPlatforms) = postSolution
		{A2005B58-E1A1-4B9E-8B49-7B2B5AD16C60}.Debug|Any CPU.ActiveCfg = Debug|Any CPU
		{A2005B58-E1A1-4B9E-8B49-7B2B5AD16C60}.Debug|Any CPU.Build.0 = Debug|Any CPU
		{A2005B58-E1A1-4B9E-8B49-7B2B5AD16C60}.Release|Any CPU.ActiveCfg = Release|Any CPU
		{A2005B58-E1A1-4B9E-8B49-7B2B5AD16C60}.Release|Any CPU.Build.0 = Release|Any CPU
	EndGlobalSection
	GlobalSection(SolutionProperties) = preSolution
		HideSolutionNode = FALSE
	EndGlobalSection
EndGlobal
